
Microsoft Visual Studio Solution File, Format Version 12.00
# Visual Studio Version 17
VisualStudioVersion = 17.4.33122.133
MinimumVisualStudioVersion = 10.0.40219.1
Project("{FAE04EC0-301F-11D3-BF4B-00C04F79EFBC}") = "EmbeddedAgent", "EmbeddedAgent\EmbeddedAgent.csproj", "{6B12802C-0685-42BD-89F0-A89B27028A0E}"
EndProject
Global
	GlobalSection(SolutionConfigurationPlatforms) = preSolution
		Debug|Any CPU = Debug|Any CPU
		Release|Any CPU = Release|Any CPU
	EndGlobalSection
	GlobalSection(ProjectConfigurationPlatforms) = postSolution
		{6B12802C-0685-42BD-89F0-A89B27028A0E}.Debug|Any CPU.ActiveCfg = Debug|Any CPU
		{6B12802C-0685-42BD-89F0-A89B27028A0E}.Debug|Any CPU.Build.0 = Debug|Any CPU
		{6B12802C-0685-42BD-89F0-A89B27028A0E}.Release|Any CPU.ActiveCfg = Release|Any CPU
		{6B12802C-0685-42BD-89F0-A89B27028A0E}.Release|Any CPU.Build.0 = Release|Any CPU
	EndGlobalSection
	GlobalSection(SolutionProperties) = preSolution
		HideSolutionNode = FALSE
	EndGlobalSection
	GlobalSection(ExtensibilityGlobals) = postSolution
		SolutionGuid = {4B8B201F-9F78-49CC-B402-6CD5A0113C38}
	EndGlobalSection
EndGlobal
